
Microsoft Visual Studio Solution File, Format Version 12.00
# Visual Studio Version 16
VisualStudioVersion = 16.0.30804.86
MinimumVisualStudioVersion = 10.0.40219.1
Project("{9A19103F-16F7-4668-BE54-9A1E7A4F7556}") = "Store.Common", "Store.Common\Store.Common.csproj", "{1B908CB7-9724-494D-BFAA-D76141421CF0}"
EndProject
Project("{2150E333-8FDC-42A3-9474-1A3956D46DE8}") = "Backend", "Backend", "{EF5CE7C7-3040-48A9-B7FC-179EECBCB64E}"
EndProject
Project("{2150E333-8FDC-42A3-9474-1A3956D46DE8}") = "Frontend", "Frontend", "{6DF6E158-F4D5-4F55-8E69-D18E1EBE808E}"
EndProject
Project("{9A19103F-16F7-4668-BE54-9A1E7A4F7556}") = "Store.Web", "Store.Web\Store.Web.csproj", "{E6105759-F613-48A5-8352-3E20A7339CDB}"
EndProject
Project("{2150E333-8FDC-42A3-9474-1A3956D46DE8}") = "Classic", "Classic", "{5EB5875C-C480-443D-9ACD-A2789AA5FED2}"
EndProject
Project("{2150E333-8FDC-42A3-9474-1A3956D46DE8}") = "Forms", "Forms", "{A07A6908-AB7E-494A-B189-16348D48F459}"
EndProject
Project("{FAE04EC0-301F-11D3-BF4B-00C04F79EFBC}") = "Store.UIForms.UWP", "Store.UIForms\Store.UIForms.UWP\Store.UIForms.UWP.csproj", "{61A11649-928B-4D1F-9788-AFE97384B2BE}"
EndProject
Project("{FAE04EC0-301F-11D3-BF4B-00C04F79EFBC}") = "Store.UIForms.Android", "Store.UIForms\Store.UIForms.Android\Store.UIForms.Android.csproj", "{12CF6728-C596-4760-BDD2-61EC7F673241}"
EndProject
Project("{FAE04EC0-301F-11D3-BF4B-00C04F79EFBC}") = "Store.UIForms.iOS", "Store.UIForms\Store.UIForms.iOS\Store.UIForms.iOS.csproj", "{E5146689-92C4-4DBB-84FD-5155809F48D4}"
EndProject
Project("{9A19103F-16F7-4668-BE54-9A1E7A4F7556}") = "Store.UIForms", "Store.UIForms\Store.UIForms\Store.UIForms.csproj", "{A75A7483-2D75-4E95-9B71-FE705AAB75FA}"
EndProject
Project("{FAE04EC0-301F-11D3-BF4B-00C04F79EFBC}") = "Store.UIClassic", "Store.UIClassic\Store.UIClassic.csproj", "{5EEC99C7-B03E-486E-A0C6-A0EF6C12A615}"
EndProject
Project("{FAE04EC0-301F-11D3-BF4B-00C04F79EFBC}") = "Store.UIClassic.Android", "Store.UIClassic.Android\Store.UIClassic.Android.csproj", "{EE5A59F1-462B-444E-AE6C-ECCA19A97E8D}"
EndProject
Project("{FAE04EC0-301F-11D3-BF4B-00C04F79EFBC}") = "Store.UIClassic.iOS", "Store.UIClassic.iOS\Store.UIClassic.iOS.csproj", "{AE7F111A-E199-449B-B55D-5276B133E7D1}"
EndProject
Global
	GlobalSection(SolutionConfigurationPlatforms) = preSolution
		Debug|Any CPU = Debug|Any CPU
		Debug|ARM = Debug|ARM
		Debug|iPhone = Debug|iPhone
		Debug|iPhoneSimulator = Debug|iPhoneSimulator
		Debug|x64 = Debug|x64
		Debug|x86 = Debug|x86
		Release|Any CPU = Release|Any CPU
		Release|ARM = Release|ARM
		Release|iPhone = Release|iPhone
		Release|iPhoneSimulator = Release|iPhoneSimulator
		Release|x64 = Release|x64
		Release|x86 = Release|x86
	EndGlobalSection
	GlobalSection(ProjectConfigurationPlatforms) = postSolution
		{1B908CB7-9724-494D-BFAA-D76141421CF0}.Debug|Any CPU.ActiveCfg = Debug|Any CPU
		{1B908CB7-9724-494D-BFAA-D76141421CF0}.Debug|Any CPU.Build.0 = Debug|Any CPU
		{1B908CB7-9724-494D-BFAA-D76141421CF0}.Debug|ARM.ActiveCfg = Debug|Any CPU
		{1B908CB7-9724-494D-BFAA-D76141421CF0}.Debug|ARM.Build.0 = Debug|Any CPU
		{1B908CB7-9724-494D-BFAA-D76141421CF0}.Debug|iPhone.ActiveCfg = Debug|Any CPU
		{1B908CB7-9724-494D-BFAA-D76141421CF0}.Debug|iPhone.Build.0 = Debug|Any CPU
		{1B908CB7-9724-494D-BFAA-D76141421CF0}.Debug|iPhoneSimulator.ActiveCfg = Debug|Any CPU
		{1B908CB7-9724-494D-BFAA-D76141421CF0}.Debug|iPhoneSimulator.Build.0 = Debug|Any CPU
		{1B908CB7-9724-494D-BFAA-D76141421CF0}.Debug|x64.ActiveCfg = Debug|Any CPU
		{1B908CB7-9724-494D-BFAA-D76141421CF0}.Debug|x64.Build.0 = Debug|Any CPU
		{1B908CB7-9724-494D-BFAA-D76141421CF0}.Debug|x86.ActiveCfg = Debug|Any CPU
		{1B908CB7-9724-494D-BFAA-D76141421CF0}.Debug|x86.Build.0 = Debug|Any CPU
		{1B908CB7-9724-494D-BFAA-D76141421CF0}.Release|Any CPU.ActiveCfg = Release|Any CPU
		{1B908CB7-9724-494D-BFAA-D76141421CF0}.Release|Any CPU.Build.0 = Release|Any CPU
		{1B908CB7-9724-494D-BFAA-D76141421CF0}.Release|ARM.ActiveCfg = Release|Any CPU
		{1B908CB7-9724-494D-BFAA-D76141421CF0}.Release|ARM.Build.0 = Release|Any CPU
		{1B908CB7-9724-494D-BFAA-D76141421CF0}.Release|iPhone.ActiveCfg = Release|Any CPU
		{1B908CB7-9724-494D-BFAA-D76141421CF0}.Release|iPhone.Build.0 = Release|Any CPU
		{1B908CB7-9724-494D-BFAA-D76141421CF0}.Release|iPhoneSimulator.ActiveCfg = Release|Any CPU
		{1B908CB7-9724-494D-BFAA-D76141421CF0}.Release|iPhoneSimulator.Build.0 = Release|Any CPU
		{1B908CB7-9724-494D-BFAA-D76141421CF0}.Release|x64.ActiveCfg = Release|Any CPU
		{1B908CB7-9724-494D-BFAA-D76141421CF0}.Release|x64.Build.0 = Release|Any CPU
		{1B908CB7-9724-494D-BFAA-D76141421CF0}.Release|x86.ActiveCfg = Release|Any CPU
		{1B908CB7-9724-494D-BFAA-D76141421CF0}.Release|x86.Build.0 = Release|Any CPU
		{E6105759-F613-48A5-8352-3E20A7339CDB}.Debug|Any CPU.ActiveCfg = Debug|Any CPU
		{E6105759-F613-48A5-8352-3E20A7339CDB}.Debug|Any CPU.Build.0 = Debug|Any CPU
		{E6105759-F613-48A5-8352-3E20A7339CDB}.Debug|ARM.ActiveCfg = Debug|Any CPU
		{E6105759-F613-48A5-8352-3E20A7339CDB}.Debug|ARM.Build.0 = Debug|Any CPU
		{E6105759-F613-48A5-8352-3E20A7339CDB}.Debug|iPhone.ActiveCfg = Debug|Any CPU
		{E6105759-F613-48A5-8352-3E20A7339CDB}.Debug|iPhone.Build.0 = Debug|Any CPU
		{E6105759-F613-48A5-8352-3E20A7339CDB}.Debug|iPhoneSimulator.ActiveCfg = Debug|Any CPU
		{E6105759-F613-48A5-8352-3E20A7339CDB}.Debug|iPhoneSimulator.Build.0 = Debug|Any CPU
		{E6105759-F613-48A5-8352-3E20A7339CDB}.Debug|x64.ActiveCfg = Debug|Any CPU
		{E6105759-F613-48A5-8352-3E20A7339CDB}.Debug|x64.Build.0 = Debug|Any CPU
		{E6105759-F613-48A5-8352-3E20A7339CDB}.Debug|x86.ActiveCfg = Debug|Any CPU
		{E6105759-F613-48A5-8352-3E20A7339CDB}.Debug|x86.Build.0 = Debug|Any CPU
		{E6105759-F613-48A5-8352-3E20A7339CDB}.Release|Any CPU.ActiveCfg = Release|Any CPU
		{E6105759-F613-48A5-8352-3E20A7339CDB}.Release|Any CPU.Build.0 = Release|Any CPU
		{E6105759-F613-48A5-8352-3E20A7339CDB}.Release|ARM.ActiveCfg = Release|Any CPU
		{E6105759-F613-48A5-8352-3E20A7339CDB}.Release|ARM.Build.0 = Release|Any CPU
		{E6105759-F613-48A5-8352-3E20A7339CDB}.Release|iPhone.ActiveCfg = Release|Any CPU
		{E6105759-F613-48A5-8352-3E20A7339CDB}.Release|iPhone.Build.0 = Release|Any CPU
		{E6105759-F613-48A5-8352-3E20A7339CDB}.Release|iPhoneSimulator.ActiveCfg = Release|Any CPU
		{E6105759-F613-48A5-8352-3E20A7339CDB}.Release|iPhoneSimulator.Build.0 = Release|Any CPU
		{E6105759-F613-48A5-8352-3E20A7339CDB}.Release|x64.ActiveCfg = Release|Any CPU
		{E6105759-F613-48A5-8352-3E20A7339CDB}.Release|x64.Build.0 = Release|Any CPU
		{E6105759-F613-48A5-8352-3E20A7339CDB}.Release|x86.ActiveCfg = Release|Any CPU
		{E6105759-F613-48A5-8352-3E20A7339CDB}.Release|x86.Build.0 = Release|Any CPU
		{61A11649-928B-4D1F-9788-AFE97384B2BE}.Debug|Any CPU.ActiveCfg = Debug|x86
		{61A11649-928B-4D1F-9788-AFE97384B2BE}.Debug|ARM.ActiveCfg = Debug|ARM
		{61A11649-928B-4D1F-9788-AFE97384B2BE}.Debug|ARM.Build.0 = Debug|ARM
		{61A11649-928B-4D1F-9788-AFE97384B2BE}.Debug|ARM.Deploy.0 = Debug|ARM
		{61A11649-928B-4D1F-9788-AFE97384B2BE}.Debug|iPhone.ActiveCfg = Debug|x86
		{61A11649-928B-4D1F-9788-AFE97384B2BE}.Debug|iPhoneSimulator.ActiveCfg = Debug|x86
		{61A11649-928B-4D1F-9788-AFE97384B2BE}.Debug|x64.ActiveCfg = Debug|x64
		{61A11649-928B-4D1F-9788-AFE97384B2BE}.Debug|x64.Build.0 = Debug|x64
		{61A11649-928B-4D1F-9788-AFE97384B2BE}.Debug|x64.Deploy.0 = Debug|x64
		{61A11649-928B-4D1F-9788-AFE97384B2BE}.Debug|x86.ActiveCfg = Debug|x86
		{61A11649-928B-4D1F-9788-AFE97384B2BE}.Debug|x86.Build.0 = Debug|x86
		{61A11649-928B-4D1F-9788-AFE97384B2BE}.Debug|x86.Deploy.0 = Debug|x86
		{61A11649-928B-4D1F-9788-AFE97384B2BE}.Release|Any CPU.ActiveCfg = Release|x86
		{61A11649-928B-4D1F-9788-AFE97384B2BE}.Release|Any CPU.Build.0 = Release|x86
		{61A11649-928B-4D1F-9788-AFE97384B2BE}.Release|Any CPU.Deploy.0 = Release|x86
		{61A11649-928B-4D1F-9788-AFE97384B2BE}.Release|ARM.ActiveCfg = Release|ARM
		{61A11649-928B-4D1F-9788-AFE97384B2BE}.Release|ARM.Build.0 = Release|ARM
		{61A11649-928B-4D1F-9788-AFE97384B2BE}.Release|ARM.Deploy.0 = Release|ARM
		{61A11649-928B-4D1F-9788-AFE97384B2BE}.Release|iPhone.ActiveCfg = Release|x86
		{61A11649-928B-4D1F-9788-AFE97384B2BE}.Release|iPhoneSimulator.ActiveCfg = Release|x86
		{61A11649-928B-4D1F-9788-AFE97384B2BE}.Release|x64.ActiveCfg = Release|x64
		{61A11649-928B-4D1F-9788-AFE97384B2BE}.Release|x64.Build.0 = Release|x64
		{61A11649-928B-4D1F-9788-AFE97384B2BE}.Release|x64.Deploy.0 = Release|x64
		{61A11649-928B-4D1F-9788-AFE97384B2BE}.Release|x86.ActiveCfg = Release|x86
		{61A11649-928B-4D1F-9788-AFE97384B2BE}.Release|x86.Build.0 = Release|x86
		{61A11649-928B-4D1F-9788-AFE97384B2BE}.Release|x86.Deploy.0 = Release|x86
		{12CF6728-C596-4760-BDD2-61EC7F673241}.Debug|Any CPU.ActiveCfg = Debug|Any CPU
		{12CF6728-C596-4760-BDD2-61EC7F673241}.Debug|Any CPU.Build.0 = Debug|Any CPU
		{12CF6728-C596-4760-BDD2-61EC7F673241}.Debug|Any CPU.Deploy.0 = Debug|Any CPU
		{12CF6728-C596-4760-BDD2-61EC7F673241}.Debug|ARM.ActiveCfg = Debug|Any CPU
		{12CF6728-C596-4760-BDD2-61EC7F673241}.Debug|ARM.Build.0 = Debug|Any CPU
		{12CF6728-C596-4760-BDD2-61EC7F673241}.Debug|ARM.Deploy.0 = Debug|Any CPU
		{12CF6728-C596-4760-BDD2-61EC7F673241}.Debug|iPhone.ActiveCfg = Debug|Any CPU
		{12CF6728-C596-4760-BDD2-61EC7F673241}.Debug|iPhone.Build.0 = Debug|Any CPU
		{12CF6728-C596-4760-BDD2-61EC7F673241}.Debug|iPhone.Deploy.0 = Debug|Any CPU
		{12CF6728-C596-4760-BDD2-61EC7F673241}.Debug|iPhoneSimulator.ActiveCfg = Debug|Any CPU
		{12CF6728-C596-4760-BDD2-61EC7F673241}.Debug|iPhoneSimulator.Build.0 = Debug|Any CPU
		{12CF6728-C596-4760-BDD2-61EC7F673241}.Debug|iPhoneSimulator.Deploy.0 = Debug|Any CPU
		{12CF6728-C596-4760-BDD2-61EC7F673241}.Debug|x64.ActiveCfg = Debug|Any CPU
		{12CF6728-C596-4760-BDD2-61EC7F673241}.Debug|x64.Build.0 = Debug|Any CPU
		{12CF6728-C596-4760-BDD2-61EC7F673241}.Debug|x64.Deploy.0 = Debug|Any CPU
		{12CF6728-C596-4760-BDD2-61EC7F673241}.Debug|x86.ActiveCfg = Debug|Any CPU
		{12CF6728-C596-4760-BDD2-61EC7F673241}.Debug|x86.Build.0 = Debug|Any CPU
		{12CF6728-C596-4760-BDD2-61EC7F673241}.Debug|x86.Deploy.0 = Debug|Any CPU
		{12CF6728-C596-4760-BDD2-61EC7F673241}.Release|Any CPU.ActiveCfg = Release|Any CPU
		{12CF6728-C596-4760-BDD2-61EC7F673241}.Release|Any CPU.Build.0 = Release|Any CPU
		{12CF6728-C596-4760-BDD2-61EC7F673241}.Release|Any CPU.Deploy.0 = Release|Any CPU
		{12CF6728-C596-4760-BDD2-61EC7F673241}.Release|ARM.ActiveCfg = Release|Any CPU
		{12CF6728-C596-4760-BDD2-61EC7F673241}.Release|ARM.Build.0 = Release|Any CPU
		{12CF6728-C596-4760-BDD2-61EC7F673241}.Release|ARM.Deploy.0 = Release|Any CPU
		{12CF6728-C596-4760-BDD2-61EC7F673241}.Release|iPhone.ActiveCfg = Release|Any CPU
		{12CF6728-C596-4760-BDD2-61EC7F673241}.Release|iPhone.Build.0 = Release|Any CPU
		{12CF6728-C596-4760-BDD2-61EC7F673241}.Release|iPhone.Deploy.0 = Release|Any CPU
		{12CF6728-C596-4760-BDD2-61EC7F673241}.Release|iPhoneSimulator.ActiveCfg = Release|Any CPU
		{12CF6728-C596-4760-BDD2-61EC7F673241}.Release|iPhoneSimulator.Build.0 = Release|Any CPU
		{12CF6728-C596-4760-BDD2-61EC7F673241}.Release|iPhoneSimulator.Deploy.0 = Release|Any CPU
		{12CF6728-C596-4760-BDD2-61EC7F673241}.Release|x64.ActiveCfg = Release|Any CPU
		{12CF6728-C596-4760-BDD2-61EC7F673241}.Release|x64.Build.0 = Release|Any CPU
		{12CF6728-C596-4760-BDD2-61EC7F673241}.Release|x64.Deploy.0 = Release|Any CPU
		{12CF6728-C596-4760-BDD2-61EC7F673241}.Release|x86.ActiveCfg = Release|Any CPU
		{12CF6728-C596-4760-BDD2-61EC7F673241}.Release|x86.Build.0 = Release|Any CPU
		{12CF6728-C596-4760-BDD2-61EC7F673241}.Release|x86.Deploy.0 = Release|Any CPU
		{E5146689-92C4-4DBB-84FD-5155809F48D4}.Debug|Any CPU.ActiveCfg = Debug|iPhoneSimulator
		{E5146689-92C4-4DBB-84FD-5155809F48D4}.Debug|ARM.ActiveCfg = Debug|iPhoneSimulator
		{E5146689-92C4-4DBB-84FD-5155809F48D4}.Debug|iPhone.ActiveCfg = Debug|iPhone
		{E5146689-92C4-4DBB-84FD-5155809F48D4}.Debug|iPhone.Build.0 = Debug|iPhone
		{E5146689-92C4-4DBB-84FD-5155809F48D4}.Debug|iPhoneSimulator.ActiveCfg = Debug|iPhoneSimulator
		{E5146689-92C4-4DBB-84FD-5155809F48D4}.Debug|iPhoneSimulator.Build.0 = Debug|iPhoneSimulator
		{E5146689-92C4-4DBB-84FD-5155809F48D4}.Debug|x64.ActiveCfg = Debug|iPhoneSimulator
		{E5146689-92C4-4DBB-84FD-5155809F48D4}.Debug|x86.ActiveCfg = Debug|iPhoneSimulator
		{E5146689-92C4-4DBB-84FD-5155809F48D4}.Release|Any CPU.ActiveCfg = Release|iPhoneSimulator
		{E5146689-92C4-4DBB-84FD-5155809F48D4}.Release|ARM.ActiveCfg = Release|iPhoneSimulator
		{E5146689-92C4-4DBB-84FD-5155809F48D4}.Release|iPhone.ActiveCfg = Release|iPhone
		{E5146689-92C4-4DBB-84FD-5155809F48D4}.Release|iPhone.Build.0 = Release|iPhone
		{E5146689-92C4-4DBB-84FD-5155809F48D4}.Release|iPhoneSimulator.ActiveCfg = Release|iPhoneSimulator
		{E5146689-92C4-4DBB-84FD-5155809F48D4}.Release|iPhoneSimulator.Build.0 = Release|iPhoneSimulator
		{E5146689-92C4-4DBB-84FD-5155809F48D4}.Release|x64.ActiveCfg = Release|iPhoneSimulator
		{E5146689-92C4-4DBB-84FD-5155809F48D4}.Release|x86.ActiveCfg = Release|iPhoneSimulator
		{A75A7483-2D75-4E95-9B71-FE705AAB75FA}.Debug|Any CPU.ActiveCfg = Debug|Any CPU
		{A75A7483-2D75-4E95-9B71-FE705AAB75FA}.Debug|Any CPU.Build.0 = Debug|Any CPU
		{A75A7483-2D75-4E95-9B71-FE705AAB75FA}.Debug|ARM.ActiveCfg = Debug|Any CPU
		{A75A7483-2D75-4E95-9B71-FE705AAB75FA}.Debug|ARM.Build.0 = Debug|Any CPU
		{A75A7483-2D75-4E95-9B71-FE705AAB75FA}.Debug|iPhone.ActiveCfg = Debug|Any CPU
		{A75A7483-2D75-4E95-9B71-FE705AAB75FA}.Debug|iPhone.Build.0 = Debug|Any CPU
		{A75A7483-2D75-4E95-9B71-FE705AAB75FA}.Debug|iPhoneSimulator.ActiveCfg = Debug|Any CPU
		{A75A7483-2D75-4E95-9B71-FE705AAB75FA}.Debug|iPhoneSimulator.Build.0 = Debug|Any CPU
		{A75A7483-2D75-4E95-9B71-FE705AAB75FA}.Debug|x64.ActiveCfg = Debug|Any CPU
		{A75A7483-2D75-4E95-9B71-FE705AAB75FA}.Debug|x64.Build.0 = Debug|Any CPU
		{A75A7483-2D75-4E95-9B71-FE705AAB75FA}.Debug|x86.ActiveCfg = Debug|Any CPU
		{A75A7483-2D75-4E95-9B71-FE705AAB75FA}.Debug|x86.Build.0 = Debug|Any CPU
		{A75A7483-2D75-4E95-9B71-FE705AAB75FA}.Release|Any CPU.ActiveCfg = Release|Any CPU
		{A75A7483-2D75-4E95-9B71-FE705AAB75FA}.Release|Any CPU.Build.0 = Release|Any CPU
		{A75A7483-2D75-4E95-9B71-FE705AAB75FA}.Release|ARM.ActiveCfg = Release|Any CPU
		{A75A7483-2D75-4E95-9B71-FE705AAB75FA}.Release|ARM.Build.0 = Release|Any CPU
		{A75A7483-2D75-4E95-9B71-FE705AAB75FA}.Release|iPhone.ActiveCfg = Release|Any CPU
		{A75A7483-2D75-4E95-9B71-FE705AAB75FA}.Release|iPhone.Build.0 = Release|Any CPU
		{A75A7483-2D75-4E95-9B71-FE705AAB75FA}.Release|iPhoneSimulator.ActiveCfg = Release|Any CPU
		{A75A7483-2D75-4E95-9B71-FE705AAB75FA}.Release|iPhoneSimulator.Build.0 = Release|Any CPU
		{A75A7483-2D75-4E95-9B71-FE705AAB75FA}.Release|x64.ActiveCfg = Release|Any CPU
		{A75A7483-2D75-4E95-9B71-FE705AAB75FA}.Release|x64.Build.0 = Release|Any CPU
		{A75A7483-2D75-4E95-9B71-FE705AAB75FA}.Release|x86.ActiveCfg = Release|Any CPU
		{A75A7483-2D75-4E95-9B71-FE705AAB75FA}.Release|x86.Build.0 = Release|Any CPU
		{5EEC99C7-B03E-486E-A0C6-A0EF6C12A615}.Debug|Any CPU.ActiveCfg = Debug|Any CPU
		{5EEC99C7-B03E-486E-A0C6-A0EF6C12A615}.Debug|Any CPU.Build.0 = Debug|Any CPU
		{5EEC99C7-B03E-486E-A0C6-A0EF6C12A615}.Debug|ARM.ActiveCfg = Debug|Any CPU
		{5EEC99C7-B03E-486E-A0C6-A0EF6C12A615}.Debug|ARM.Build.0 = Debug|Any CPU
		{5EEC99C7-B03E-486E-A0C6-A0EF6C12A615}.Debug|iPhone.ActiveCfg = Debug|Any CPU
		{5EEC99C7-B03E-486E-A0C6-A0EF6C12A615}.Debug|iPhone.Build.0 = Debug|Any CPU
		{5EEC99C7-B03E-486E-A0C6-A0EF6C12A615}.Debug|iPhoneSimulator.ActiveCfg = Debug|Any CPU
		{5EEC99C7-B03E-486E-A0C6-A0EF6C12A615}.Debug|iPhoneSimulator.Build.0 = Debug|Any CPU
		{5EEC99C7-B03E-486E-A0C6-A0EF6C12A615}.Debug|x64.ActiveCfg = Debug|Any CPU
		{5EEC99C7-B03E-486E-A0C6-A0EF6C12A615}.Debug|x64.Build.0 = Debug|Any CPU
		{5EEC99C7-B03E-486E-A0C6-A0EF6C12A615}.Debug|x86.ActiveCfg = Debug|Any CPU
		{5EEC99C7-B03E-486E-A0C6-A0EF6C12A615}.Debug|x86.Build.0 = Debug|Any CPU
		{5EEC99C7-B03E-486E-A0C6-A0EF6C12A615}.Release|Any CPU.ActiveCfg = Release|Any CPU
		{5EEC99C7-B03E-486E-A0C6-A0EF6C12A615}.Release|Any CPU.Build.0 = Release|Any CPU
		{5EEC99C7-B03E-486E-A0C6-A0EF6C12A615}.Release|ARM.ActiveCfg = Release|Any CPU
		{5EEC99C7-B03E-486E-A0C6-A0EF6C12A615}.Release|ARM.Build.0 = Release|Any CPU
		{5EEC99C7-B03E-486E-A0C6-A0EF6C12A615}.Release|iPhone.ActiveCfg = Release|Any CPU
		{5EEC99C7-B03E-486E-A0C6-A0EF6C12A615}.Release|iPhone.Build.0 = Release|Any CPU
		{5EEC99C7-B03E-486E-A0C6-A0EF6C12A615}.Release|iPhoneSimulator.ActiveCfg = Release|Any CPU
		{5EEC99C7-B03E-486E-A0C6-A0EF6C12A615}.Release|iPhoneSimulator.Build.0 = Release|Any CPU
		{5EEC99C7-B03E-486E-A0C6-A0EF6C12A615}.Release|x64.ActiveCfg = Release|Any CPU
		{5EEC99C7-B03E-486E-A0C6-A0EF6C12A615}.Release|x64.Build.0 = Release|Any CPU
		{5EEC99C7-B03E-486E-A0C6-A0EF6C12A615}.Release|x86.ActiveCfg = Release|Any CPU
		{5EEC99C7-B03E-486E-A0C6-A0EF6C12A615}.Release|x86.Build.0 = Release|Any CPU
		{EE5A59F1-462B-444E-AE6C-ECCA19A97E8D}.Debug|Any CPU.ActiveCfg = Debug|Any CPU
		{EE5A59F1-462B-444E-AE6C-ECCA19A97E8D}.Debug|Any CPU.Build.0 = Debug|Any CPU
		{EE5A59F1-462B-444E-AE6C-ECCA19A97E8D}.Debug|Any CPU.Deploy.0 = Debug|Any CPU
		{EE5A59F1-462B-444E-AE6C-ECCA19A97E8D}.Debug|ARM.ActiveCfg = Debug|Any CPU
		{EE5A59F1-462B-444E-AE6C-ECCA19A97E8D}.Debug|ARM.Build.0 = Debug|Any CPU
		{EE5A59F1-462B-444E-AE6C-ECCA19A97E8D}.Debug|ARM.Deploy.0 = Debug|Any CPU
		{EE5A59F1-462B-444E-AE6C-ECCA19A97E8D}.Debug|iPhone.ActiveCfg = Debug|Any CPU
		{EE5A59F1-462B-444E-AE6C-ECCA19A97E8D}.Debug|iPhone.Build.0 = Debug|Any CPU
		{EE5A59F1-462B-444E-AE6C-ECCA19A97E8D}.Debug|iPhone.Deploy.0 = Debug|Any CPU
		{EE5A59F1-462B-444E-AE6C-ECCA19A97E8D}.Debug|iPhoneSimulator.ActiveCfg = Debug|Any CPU
		{EE5A59F1-462B-444E-AE6C-ECCA19A97E8D}.Debug|iPhoneSimulator.Build.0 = Debug|Any CPU
		{EE5A59F1-462B-444E-AE6C-ECCA19A97E8D}.Debug|iPhoneSimulator.Deploy.0 = Debug|Any CPU
		{EE5A59F1-462B-444E-AE6C-ECCA19A97E8D}.Debug|x64.ActiveCfg = Debug|Any CPU
		{EE5A59F1-462B-444E-AE6C-ECCA19A97E8D}.Debug|x64.Build.0 = Debug|Any CPU
		{EE5A59F1-462B-444E-AE6C-ECCA19A97E8D}.Debug|x64.Deploy.0 = Debug|Any CPU
		{EE5A59F1-462B-444E-AE6C-ECCA19A97E8D}.Debug|x86.ActiveCfg = Debug|Any CPU
		{EE5A59F1-462B-444E-AE6C-ECCA19A97E8D}.Debug|x86.Build.0 = Debug|Any CPU
		{EE5A59F1-462B-444E-AE6C-ECCA19A97E8D}.Debug|x86.Deploy.0 = Debug|Any CPU
		{EE5A59F1-462B-444E-AE6C-ECCA19A97E8D}.Release|Any CPU.ActiveCfg = Release|Any CPU
		{EE5A59F1-462B-444E-AE6C-ECCA19A97E8D}.Release|Any CPU.Build.0 = Release|Any CPU
		{EE5A59F1-462B-444E-AE6C-ECCA19A97E8D}.Release|Any CPU.Deploy.0 = Release|Any CPU
		{EE5A59F1-462B-444E-AE6C-ECCA19A97E8D}.Release|ARM.ActiveCfg = Release|Any CPU
		{EE5A59F1-462B-444E-AE6C-ECCA19A97E8D}.Release|ARM.Build.0 = Release|Any CPU
		{EE5A59F1-462B-444E-AE6C-ECCA19A97E8D}.Release|ARM.Deploy.0 = Release|Any CPU
		{EE5A59F1-462B-444E-AE6C-ECCA19A97E8D}.Release|iPhone.ActiveCfg = Release|Any CPU
		{EE5A59F1-462B-444E-AE6C-ECCA19A97E8D}.Release|iPhone.Build.0 = Release|Any CPU
		{EE5A59F1-462B-444E-AE6C-ECCA19A97E8D}.Release|iPhone.Deploy.0 = Release|Any CPU
		{EE5A59F1-462B-444E-AE6C-ECCA19A97E8D}.Release|iPhoneSimulator.ActiveCfg = Release|Any CPU
		{EE5A59F1-462B-444E-AE6C-ECCA19A97E8D}.Release|iPhoneSimulator.Build.0 = Release|Any CPU
		{EE5A59F1-462B-444E-AE6C-ECCA19A97E8D}.Release|iPhoneSimulator.Deploy.0 = Release|Any CPU
		{EE5A59F1-462B-444E-AE6C-ECCA19A97E8D}.Release|x64.ActiveCfg = Release|Any CPU
		{EE5A59F1-462B-444E-AE6C-ECCA19A97E8D}.Release|x64.Build.0 = Release|Any CPU
		{EE5A59F1-462B-444E-AE6C-ECCA19A97E8D}.Release|x64.Deploy.0 = Release|Any CPU
		{EE5A59F1-462B-444E-AE6C-ECCA19A97E8D}.Release|x86.ActiveCfg = Release|Any CPU
		{EE5A59F1-462B-444E-AE6C-ECCA19A97E8D}.Release|x86.Build.0 = Release|Any CPU
		{EE5A59F1-462B-444E-AE6C-ECCA19A97E8D}.Release|x86.Deploy.0 = Release|Any CPU
		{AE7F111A-E199-449B-B55D-5276B133E7D1}.Debug|Any CPU.ActiveCfg = Debug|iPhoneSimulator
		{AE7F111A-E199-449B-B55D-5276B133E7D1}.Debug|ARM.ActiveCfg = Debug|iPhoneSimulator
		{AE7F111A-E199-449B-B55D-5276B133E7D1}.Debug|iPhone.ActiveCfg = Debug|iPhone
		{AE7F111A-E199-449B-B55D-5276B133E7D1}.Debug|iPhone.Build.0 = Debug|iPhone
		{AE7F111A-E199-449B-B55D-5276B133E7D1}.Debug|iPhoneSimulator.ActiveCfg = Debug|iPhoneSimulator
		{AE7F111A-E199-449B-B55D-5276B133E7D1}.Debug|iPhoneSimulator.Build.0 = Debug|iPhoneSimulator
		{AE7F111A-E199-449B-B55D-5276B133E7D1}.Debug|x64.ActiveCfg = Debug|iPhoneSimulator
		{AE7F111A-E199-449B-B55D-5276B133E7D1}.Debug|x86.ActiveCfg = Debug|iPhoneSimulator
		{AE7F111A-E199-449B-B55D-5276B133E7D1}.Release|Any CPU.ActiveCfg = Release|iPhoneSimulator
		{AE7F111A-E199-449B-B55D-5276B133E7D1}.Release|ARM.ActiveCfg = Release|iPhoneSimulator
		{AE7F111A-E199-449B-B55D-5276B133E7D1}.Release|iPhone.ActiveCfg = Release|iPhone
		{AE7F111A-E199-449B-B55D-5276B133E7D1}.Release|iPhone.Build.0 = Release|iPhone
		{AE7F111A-E199-449B-B55D-5276B133E7D1}.Release|iPhoneSimulator.ActiveCfg = Release|iPhoneSimulator
		{AE7F111A-E199-449B-B55D-5276B133E7D1}.Release|iPhoneSimulator.Build.0 = Release|iPhoneSimulator
		{AE7F111A-E199-449B-B55D-5276B133E7D1}.Release|x64.ActiveCfg = Release|iPhoneSimulator
		{AE7F111A-E199-449B-B55D-5276B133E7D1}.Release|x86.ActiveCfg = Release|iPhoneSimulator
	EndGlobalSection
	GlobalSection(SolutionProperties) = preSolution
		HideSolutionNode = FALSE
	EndGlobalSection
	GlobalSection(NestedProjects) = preSolution
		{E6105759-F613-48A5-8352-3E20A7339CDB} = {EF5CE7C7-3040-48A9-B7FC-179EECBCB64E}
		{5EB5875C-C480-443D-9ACD-A2789AA5FED2} = {6DF6E158-F4D5-4F55-8E69-D18E1EBE808E}
		{A07A6908-AB7E-494A-B189-16348D48F459} = {6DF6E158-F4D5-4F55-8E69-D18E1EBE808E}
		{61A11649-928B-4D1F-9788-AFE97384B2BE} = {A07A6908-AB7E-494A-B189-16348D48F459}
		{12CF6728-C596-4760-BDD2-61EC7F673241} = {A07A6908-AB7E-494A-B189-16348D48F459}
		{E5146689-92C4-4DBB-84FD-5155809F48D4} = {A07A6908-AB7E-494A-B189-16348D48F459}
		{A75A7483-2D75-4E95-9B71-FE705AAB75FA} = {A07A6908-AB7E-494A-B189-16348D48F459}
		{5EEC99C7-B03E-486E-A0C6-A0EF6C12A615} = {5EB5875C-C480-443D-9ACD-A2789AA5FED2}
		{EE5A59F1-462B-444E-AE6C-ECCA19A97E8D} = {5EB5875C-C480-443D-9ACD-A2789AA5FED2}
		{AE7F111A-E199-449B-B55D-5276B133E7D1} = {5EB5875C-C480-443D-9ACD-A2789AA5FED2}
	EndGlobalSection
	GlobalSection(ExtensibilityGlobals) = postSolution
		SolutionGuid = {F8647B50-367E-4267-B4DF-6B48FAA51098}
	EndGlobalSection
EndGlobal
